
Microsoft Visual Studio Solution File, Format Version 12.00
# Visual Studio Version 17
VisualStudioVersion = 17.9.34616.47
MinimumVisualStudioVersion = 10.0.40219.1
Project("{9A19103F-16F7-4668-BE54-9A1E7A4F7556}") = "01_Array", "Project01_Array\01_Array.csproj", "{376D8F31-2786-4A3D-A948-E5D00D56B866}"
EndProject
Project("{9A19103F-16F7-4668-BE54-9A1E7A4F7556}") = "02_List", "2.List\02_List.csproj", "{170EFD71-4FB2-4D69-87ED-DC2950608E27}"
EndProject
Project("{9A19103F-16F7-4668-BE54-9A1E7A4F7556}") = "03_Stack", "3_Stack\03_Stack.csproj", "{C180B1D0-40C1-46B5-A670-2E48C9EDC8BF}"
EndProject
Project("{9A19103F-16F7-4668-BE54-9A1E7A4F7556}") = "04_StackMaze", "4_StackMaze\04_StackMaze.csproj", "{234A1237-39DD-47EE-9EDA-D26F1A41EB89}"
EndProject
Project("{9A19103F-16F7-4668-BE54-9A1E7A4F7556}") = "05_LinkedList", "5_LinkedList\05_LinkedList.csproj", "{2B3F080D-CFC1-401D-8BB5-BA4F4ED964E2}"
EndProject
Project("{9A19103F-16F7-4668-BE54-9A1E7A4F7556}") = "06_DoubleLinkedList", "6_DoubleLinkedList\06_DoubleLinkedList.csproj", "{8DFF9B7D-0801-44A9-A73B-7BAC825183EC}"
EndProject
Project("{9A19103F-16F7-4668-BE54-9A1E7A4F7556}") = "07_Queue", "7_Queue\07_Queue.csproj", "{DB1C3CFA-F48B-47AD-9AF4-4A2402F32584}"
EndProject
Project("{9A19103F-16F7-4668-BE54-9A1E7A4F7556}") = "08_HashTable", "8_HashTable\08_HashTable.csproj", "{023B5D9F-7166-4573-BA27-81E97DD6FB98}"
EndProject
Project("{9A19103F-16F7-4668-BE54-9A1E7A4F7556}") = "09_Tree", "9_Tree\09_Tree.csproj", "{B9ABF984-1C53-4B1C-9A21-73394F0AAD73}"
EndProject
Project("{9A19103F-16F7-4668-BE54-9A1E7A4F7556}") = "10_BinaryTree", "10_BinaryTree\10_BinaryTree.csproj", "{4933038E-4346-4CD4-A2E2-8CC2BD873247}"
EndProject
Project("{9A19103F-16F7-4668-BE54-9A1E7A4F7556}") = "11_BinarySearchTree", "11_BinarySearchTree\11_BinarySearchTree.csproj", "{0FDF2591-AFDF-46E0-909B-493A2F7EEDC8}"
EndProject
Project("{FAE04EC0-301F-11D3-BF4B-00C04F79EFBC}") = "07_1QueueMaze", "07_1QueueMaze\07_1QueueMaze.csproj", "{F6450B34-1E56-43B7-8910-6B52F4472FC2}"
EndProject
Global
	GlobalSection(SolutionConfigurationPlatforms) = preSolution
		Debug|Any CPU = Debug|Any CPU
		Release|Any CPU = Release|Any CPU
	EndGlobalSection
	GlobalSection(ProjectConfigurationPlatforms) = postSolution
		{376D8F31-2786-4A3D-A948-E5D00D56B866}.Debug|Any CPU.ActiveCfg = Debug|Any CPU
		{376D8F31-2786-4A3D-A948-E5D00D56B866}.Debug|Any CPU.Build.0 = Debug|Any CPU
		{376D8F31-2786-4A3D-A948-E5D00D56B866}.Release|Any CPU.ActiveCfg = Release|Any CPU
		{376D8F31-2786-4A3D-A948-E5D00D56B866}.Release|Any CPU.Build.0 = Release|Any CPU
		{170EFD71-4FB2-4D69-87ED-DC2950608E27}.Debug|Any CPU.ActiveCfg = Debug|Any CPU
		{170EFD71-4FB2-4D69-87ED-DC2950608E27}.Debug|Any CPU.Build.0 = Debug|Any CPU
		{170EFD71-4FB2-4D69-87ED-DC2950608E27}.Release|Any CPU.ActiveCfg = Release|Any CPU
		{170EFD71-4FB2-4D69-87ED-DC2950608E27}.Release|Any CPU.Build.0 = Release|Any CPU
		{C180B1D0-40C1-46B5-A670-2E48C9EDC8BF}.Debug|Any CPU.ActiveCfg = Debug|Any CPU
		{C180B1D0-40C1-46B5-A670-2E48C9EDC8BF}.Debug|Any CPU.Build.0 = Debug|Any CPU
		{C180B1D0-40C1-46B5-A670-2E48C9EDC8BF}.Release|Any CPU.ActiveCfg = Release|Any CPU
		{C180B1D0-40C1-46B5-A670-2E48C9EDC8BF}.Release|Any CPU.Build.0 = Release|Any CPU
		{234A1237-39DD-47EE-9EDA-D26F1A41EB89}.Debug|Any CPU.ActiveCfg = Debug|Any CPU
		{234A1237-39DD-47EE-9EDA-D26F1A41EB89}.Debug|Any CPU.Build.0 = Debug|Any CPU
		{234A1237-39DD-47EE-9EDA-D26F1A41EB89}.Release|Any CPU.ActiveCfg = Release|Any CPU
		{234A1237-39DD-47EE-9EDA-D26F1A41EB89}.Release|Any CPU.Build.0 = Release|Any CPU
		{2B3F080D-CFC1-401D-8BB5-BA4F4ED964E2}.Debug|Any CPU.ActiveCfg = Debug|Any CPU
		{2B3F080D-CFC1-401D-8BB5-BA4F4ED964E2}.Debug|Any CPU.Build.0 = Debug|Any CPU
		{2B3F080D-CFC1-401D-8BB5-BA4F4ED964E2}.Release|Any CPU.ActiveCfg = Release|Any CPU
		{2B3F080D-CFC1-401D-8BB5-BA4F4ED964E2}.Release|Any CPU.Build.0 = Release|Any CPU
		{8DFF9B7D-0801-44A9-A73B-7BAC825183EC}.Debug|Any CPU.ActiveCfg = Debug|Any CPU
		{8DFF9B7D-0801-44A9-A73B-7BAC825183EC}.Debug|Any CPU.Build.0 = Debug|Any CPU
		{8DFF9B7D-0801-44A9-A73B-7BAC825183EC}.Release|Any CPU.ActiveCfg = Release|Any CPU
		{8DFF9B7D-0801-44A9-A73B-7BAC825183EC}.Release|Any CPU.Build.0 = Release|Any CPU
		{DB1C3CFA-F48B-47AD-9AF4-4A2402F32584}.Debug|Any CPU.ActiveCfg = Debug|Any CPU
		{DB1C3CFA-F48B-47AD-9AF4-4A2402F32584}.Debug|Any CPU.Build.0 = Debug|Any CPU
		{DB1C3CFA-F48B-47AD-9AF4-4A2402F32584}.Release|Any CPU.ActiveCfg = Release|Any CPU
		{DB1C3CFA-F48B-47AD-9AF4-4A2402F32584}.Release|Any CPU.Build.0 = Release|Any CPU
		{023B5D9F-7166-4573-BA27-81E97DD6FB98}.Debug|Any CPU.ActiveCfg = Debug|Any CPU
		{023B5D9F-7166-4573-BA27-81E97DD6FB98}.Debug|Any CPU.Build.0 = Debug|Any CPU
		{023B5D9F-7166-4573-BA27-81E97DD6FB98}.Release|Any CPU.ActiveCfg = Release|Any CPU
		{023B5D9F-7166-4573-BA27-81E97DD6FB98}.Release|Any CPU.Build.0 = Release|Any CPU
		{B9ABF984-1C53-4B1C-9A21-73394F0AAD73}.Debug|Any CPU.ActiveCfg = Debug|Any CPU
		{B9ABF984-1C53-4B1C-9A21-73394F0AAD73}.Debug|Any CPU.Build.0 = Debug|Any CPU
		{B9ABF984-1C53-4B1C-9A21-73394F0AAD73}.Release|Any CPU.ActiveCfg = Release|Any CPU
		{B9ABF984-1C53-4B1C-9A21-73394F0AAD73}.Release|Any CPU.Build.0 = Release|Any CPU
		{4933038E-4346-4CD4-A2E2-8CC2BD873247}.Debug|Any CPU.ActiveCfg = Debug|Any CPU
		{4933038E-4346-4CD4-A2E2-8CC2BD873247}.Debug|Any CPU.Build.0 = Debug|Any CPU
		{4933038E-4346-4CD4-A2E2-8CC2BD873247}.Release|Any CPU.ActiveCfg = Release|Any CPU
		{4933038E-4346-4CD4-A2E2-8CC2BD873247}.Release|Any CPU.Build.0 = Release|Any CPU
		{0FDF2591-AFDF-46E0-909B-493A2F7EEDC8}.Debug|Any CPU.ActiveCfg = Debug|Any CPU
		{0FDF2591-AFDF-46E0-909B-493A2F7EEDC8}.Debug|Any CPU.Build.0 = Debug|Any CPU
		{0FDF2591-AFDF-46E0-909B-493A2F7EEDC8}.Release|Any CPU.ActiveCfg = Release|Any CPU
		{0FDF2591-AFDF-46E0-909B-493A2F7EEDC8}.Release|Any CPU.Build.0 = Release|Any CPU
		{F6450B34-1E56-43B7-8910-6B52F4472FC2}.Debug|Any CPU.ActiveCfg = Debug|Any CPU
		{F6450B34-1E56-43B7-8910-6B52F4472FC2}.Debug|Any CPU.Build.0 = Debug|Any CPU
		{F6450B34-1E56-43B7-8910-6B52F4472FC2}.Release|Any CPU.ActiveCfg = Release|Any CPU
		{F6450B34-1E56-43B7-8910-6B52F4472FC2}.Release|Any CPU.Build.0 = Release|Any CPU
	EndGlobalSection
	GlobalSection(SolutionProperties) = preSolution
		HideSolutionNode = FALSE
	EndGlobalSection
	GlobalSection(ExtensibilityGlobals) = postSolution
		SolutionGuid = {71A57B14-C234-4DFB-83EB-5E03748488D1}
	EndGlobalSection
EndGlobal
